
Microsoft Visual Studio Solution File, Format Version 12.00
# Visual Studio Version 16
VisualStudioVersion = 16.0.29806.167
MinimumVisualStudioVersion = 10.0.40219.1
Project("{8BC9CEB8-8B4A-11D0-8D11-00A0C91BC942}") = "SphericalMidpoint", "SphericalMidpoint.vcxproj", "{EC539267-987F-483C-99BC-A76F4307F570}"
EndProject
Global
	GlobalSection(SolutionConfigurationPlatforms) = preSolution
		Debug|ARM = Debug|ARM
		Debug|ARM64 = Debug|ARM64
		Debug|x64 = Debug|x64
		Debug|x86 = Debug|x86
		Release|ARM = Release|ARM
		Release|ARM64 = Release|ARM64
		Release|x64 = Release|x64
		Release|x86 = Release|x86
	EndGlobalSection
	GlobalSection(ProjectConfigurationPlatforms) = postSolution
		{EC539267-987F-483C-99BC-A76F4307F570}.Debug|ARM.ActiveCfg = Debug|ARM
		{EC539267-987F-483C-99BC-A76F4307F570}.Debug|ARM.Build.0 = Debug|ARM
		{EC539267-987F-483C-99BC-A76F4307F570}.Debug|ARM.Deploy.0 = Debug|ARM
		{EC539267-987F-483C-99BC-A76F4307F570}.Debug|ARM64.ActiveCfg = Debug|ARM64
		{EC539267-987F-483C-99BC-A76F4307F570}.Debug|ARM64.Build.0 = Debug|ARM64
		{EC539267-987F-483C-99BC-A76F4307F570}.Debug|ARM64.Deploy.0 = Debug|ARM64
		{EC539267-987F-483C-99BC-A76F4307F570}.Debug|x64.ActiveCfg = Debug|x64
		{EC539267-987F-483C-99BC-A76F4307F570}.Debug|x64.Build.0 = Debug|x64
		{EC539267-987F-483C-99BC-A76F4307F570}.Debug|x64.Deploy.0 = Debug|x64
		{EC539267-987F-483C-99BC-A76F4307F570}.Debug|x86.ActiveCfg = Debug|x86
		{EC539267-987F-483C-99BC-A76F4307F570}.Debug|x86.Build.0 = Debug|x86
		{EC539267-987F-483C-99BC-A76F4307F570}.Debug|x86.Deploy.0 = Debug|x86
		{EC539267-987F-483C-99BC-A76F4307F570}.Release|ARM.ActiveCfg = Release|ARM
		{EC539267-987F-483C-99BC-A76F4307F570}.Release|ARM.Build.0 = Release|ARM
		{EC539267-987F-483C-99BC-A76F4307F570}.Release|ARM.Deploy.0 = Release|ARM
		{EC539267-987F-483C-99BC-A76F4307F570}.Release|ARM64.ActiveCfg = Release|ARM64
		{EC539267-987F-483C-99BC-A76F4307F570}.Release|ARM64.Build.0 = Release|ARM64
		{EC539267-987F-483C-99BC-A76F4307F570}.Release|ARM64.Deploy.0 = Release|ARM64
		{EC539267-987F-483C-99BC-A76F4307F570}.Release|x64.ActiveCfg = Release|x64
		{EC539267-987F-483C-99BC-A76F4307F570}.Release|x64.Build.0 = Release|x64
		{EC539267-987F-483C-99BC-A76F4307F570}.Release|x64.Deploy.0 = Release|x64
		{EC539267-987F-483C-99BC-A76F4307F570}.Release|x86.ActiveCfg = Release|x86
		{EC539267-987F-483C-99BC-A76F4307F570}.Release|x86.Build.0 = Release|x86
		{EC539267-987F-483C-99BC-A76F4307F570}.Release|x86.Deploy.0 = Release|x86
	EndGlobalSection
	GlobalSection(SolutionProperties) = preSolution
		HideSolutionNode = FALSE
	EndGlobalSection
	GlobalSection(ExtensibilityGlobals) = postSolution
		SolutionGuid = {FB316396-04D9-43E0-ADB2-75ECBBD8F6D6}
	EndGlobalSection
EndGlobal
